
Microsoft Visual Studio Solution File, Format Version 12.00
# Visual Studio Version 17
VisualStudioVersion = 17.11.35303.130
MinimumVisualStudioVersion = 10.0.40219.1
Project("{9A19103F-16F7-4668-BE54-9A1E7A4F7556}") = "reveal-postgres", "reveal-postgres.csproj", "{B342D680-7A78-445C-9420-5F32E7A844D8}"
EndProject
Global
	GlobalSection(SolutionConfigurationPlatforms) = preSolution
		Debug|Any CPU = Debug|Any CPU
		Debug|x64 = Debug|x64
		Release|Any CPU = Release|Any CPU
		Release|x64 = Release|x64
	EndGlobalSection
	GlobalSection(ProjectConfigurationPlatforms) = postSolution
		{B342D680-7A78-445C-9420-5F32E7A844D8}.Debug|Any CPU.ActiveCfg = Debug|Any CPU
		{B342D680-7A78-445C-9420-5F32E7A844D8}.Debug|Any CPU.Build.0 = Debug|Any CPU
		{B342D680-7A78-445C-9420-5F32E7A844D8}.Debug|x64.ActiveCfg = Debug|x64
		{B342D680-7A78-445C-9420-5F32E7A844D8}.Debug|x64.Build.0 = Debug|x64
		{B342D680-7A78-445C-9420-5F32E7A844D8}.Release|Any CPU.ActiveCfg = Release|Any CPU
		{B342D680-7A78-445C-9420-5F32E7A844D8}.Release|Any CPU.Build.0 = Release|Any CPU
		{B342D680-7A78-445C-9420-5F32E7A844D8}.Release|x64.ActiveCfg = Release|x64
		{B342D680-7A78-445C-9420-5F32E7A844D8}.Release|x64.Build.0 = Release|x64
	EndGlobalSection
	GlobalSection(SolutionProperties) = preSolution
		HideSolutionNode = FALSE
	EndGlobalSection
	GlobalSection(ExtensibilityGlobals) = postSolution
		SolutionGuid = {500B8F51-9EC7-4818-8F19-80FA39EB7F38}
	EndGlobalSection
EndGlobal
